
Microsoft Visual Studio Solution File, Format Version 12.00
# Visual Studio Version 16
VisualStudioVersion = 16.0.29613.14
MinimumVisualStudioVersion = 10.0.40219.1
Project("{FAE04EC0-301F-11D3-BF4B-00C04F79EFBC}") = "Restaurante.access", "Restaurante.access\Restaurante.access.csproj", "{42EAA274-1518-4B0C-AF5A-DC32C64A4469}"
EndProject
Project("{FAE04EC0-301F-11D3-BF4B-00C04F79EFBC}") = "Restaurante.modelos", "Restaurante.modelos\Restaurante.modelos.csproj", "{A43DECF5-4C18-4433-99BC-32422022619A}"
EndProject
Project("{FAE04EC0-301F-11D3-BF4B-00C04F79EFBC}") = "Restaurante.web", "Restaurante.web\Restaurante.web.csproj", "{C38D1CB0-9F68-4A79-BAE3-A4123BFDC347}"
EndProject
Project("{FAE04EC0-301F-11D3-BF4B-00C04F79EFBC}") = "Restaurante.utilidades", "Restaurante.utilidades\Restaurante.utilidades.csproj", "{836DAE63-5B38-463C-91C1-B213BCFAE8E1}"
EndProject
Global
	GlobalSection(SolutionConfigurationPlatforms) = preSolution
		Debug|Any CPU = Debug|Any CPU
		Release|Any CPU = Release|Any CPU
	EndGlobalSection
	GlobalSection(ProjectConfigurationPlatforms) = postSolution
		{42EAA274-1518-4B0C-AF5A-DC32C64A4469}.Debug|Any CPU.ActiveCfg = Debug|Any CPU
		{42EAA274-1518-4B0C-AF5A-DC32C64A4469}.Debug|Any CPU.Build.0 = Debug|Any CPU
		{42EAA274-1518-4B0C-AF5A-DC32C64A4469}.Release|Any CPU.ActiveCfg = Release|Any CPU
		{42EAA274-1518-4B0C-AF5A-DC32C64A4469}.Release|Any CPU.Build.0 = Release|Any CPU
		{A43DECF5-4C18-4433-99BC-32422022619A}.Debug|Any CPU.ActiveCfg = Debug|Any CPU
		{A43DECF5-4C18-4433-99BC-32422022619A}.Debug|Any CPU.Build.0 = Debug|Any CPU
		{A43DECF5-4C18-4433-99BC-32422022619A}.Release|Any CPU.ActiveCfg = Release|Any CPU
		{A43DECF5-4C18-4433-99BC-32422022619A}.Release|Any CPU.Build.0 = Release|Any CPU
		{C38D1CB0-9F68-4A79-BAE3-A4123BFDC347}.Debug|Any CPU.ActiveCfg = Debug|Any CPU
		{C38D1CB0-9F68-4A79-BAE3-A4123BFDC347}.Debug|Any CPU.Build.0 = Debug|Any CPU
		{C38D1CB0-9F68-4A79-BAE3-A4123BFDC347}.Release|Any CPU.ActiveCfg = Release|Any CPU
		{C38D1CB0-9F68-4A79-BAE3-A4123BFDC347}.Release|Any CPU.Build.0 = Release|Any CPU
		{836DAE63-5B38-463C-91C1-B213BCFAE8E1}.Debug|Any CPU.ActiveCfg = Debug|Any CPU
		{836DAE63-5B38-463C-91C1-B213BCFAE8E1}.Debug|Any CPU.Build.0 = Debug|Any CPU
		{836DAE63-5B38-463C-91C1-B213BCFAE8E1}.Release|Any CPU.ActiveCfg = Release|Any CPU
		{836DAE63-5B38-463C-91C1-B213BCFAE8E1}.Release|Any CPU.Build.0 = Release|Any CPU
	EndGlobalSection
	GlobalSection(SolutionProperties) = preSolution
		HideSolutionNode = FALSE
	EndGlobalSection
	GlobalSection(ExtensibilityGlobals) = postSolution
		SolutionGuid = {BC521E3D-C8B0-461A-A24A-F7B60DCD5813}
	EndGlobalSection
EndGlobal
